
Microsoft Visual Studio Solution File, Format Version 12.00
# Visual Studio Version 17
VisualStudioVersion = 17.1.32414.318
MinimumVisualStudioVersion = 10.0.40219.1
Project("{9A19103F-16F7-4668-BE54-9A1E7A4F7556}") = "AgileApp", "AgileApp.csproj", "{ECC35317-67E2-4DBC-87C5-2B563AB6FD43}"
EndProject
Project("{FAE04EC0-301F-11D3-BF4B-00C04F79EFBC}") = "AgileUnitTests", "..\AgileUnitTests\AgileUnitTests.csproj", "{601638D5-4F36-4E49-8B52-31559832AEF5}"
EndProject
Project("{FAE04EC0-301F-11D3-BF4B-00C04F79EFBC}") = "AgileFunctionalTests", "..\AgileFunctionalTests\AgileFunctionalTests.csproj", "{7835E5D2-E646-4AC8-991A-FB8F2500D047}"
EndProject
Global
	GlobalSection(SolutionConfigurationPlatforms) = preSolution
		Debug|Any CPU = Debug|Any CPU
		Release|Any CPU = Release|Any CPU
	EndGlobalSection
	GlobalSection(ProjectConfigurationPlatforms) = postSolution
		{ECC35317-67E2-4DBC-87C5-2B563AB6FD43}.Debug|Any CPU.ActiveCfg = Debug|Any CPU
		{ECC35317-67E2-4DBC-87C5-2B563AB6FD43}.Debug|Any CPU.Build.0 = Debug|Any CPU
		{ECC35317-67E2-4DBC-87C5-2B563AB6FD43}.Release|Any CPU.ActiveCfg = Release|Any CPU
		{ECC35317-67E2-4DBC-87C5-2B563AB6FD43}.Release|Any CPU.Build.0 = Release|Any CPU
		{601638D5-4F36-4E49-8B52-31559832AEF5}.Debug|Any CPU.ActiveCfg = Debug|Any CPU
		{601638D5-4F36-4E49-8B52-31559832AEF5}.Debug|Any CPU.Build.0 = Debug|Any CPU
		{601638D5-4F36-4E49-8B52-31559832AEF5}.Release|Any CPU.ActiveCfg = Release|Any CPU
		{601638D5-4F36-4E49-8B52-31559832AEF5}.Release|Any CPU.Build.0 = Release|Any CPU
		{7835E5D2-E646-4AC8-991A-FB8F2500D047}.Debug|Any CPU.ActiveCfg = Debug|Any CPU
		{7835E5D2-E646-4AC8-991A-FB8F2500D047}.Debug|Any CPU.Build.0 = Debug|Any CPU
		{7835E5D2-E646-4AC8-991A-FB8F2500D047}.Release|Any CPU.ActiveCfg = Release|Any CPU
		{7835E5D2-E646-4AC8-991A-FB8F2500D047}.Release|Any CPU.Build.0 = Release|Any CPU
	EndGlobalSection
	GlobalSection(SolutionProperties) = preSolution
		HideSolutionNode = FALSE
	EndGlobalSection
	GlobalSection(ExtensibilityGlobals) = postSolution
		SolutionGuid = {259F28C8-D149-46F4-AEB4-E5304C4B7D1C}
	EndGlobalSection
EndGlobal
